
Microsoft Visual Studio Solution File, Format Version 12.00
# Visual Studio Version 16
VisualStudioVersion = 16.0.30717.126
MinimumVisualStudioVersion = 10.0.40219.1
Project("{9A19103F-16F7-4668-BE54-9A1E7A4F7556}") = "Library.Resource.Api", "Library.Resource.Api\Library.Resource.Api.csproj", "{7AF68868-BA17-4811-BADA-046D62A81143}"
EndProject
Project("{9A19103F-16F7-4668-BE54-9A1E7A4F7556}") = "Library.Auth.Api", "Library.Auth.Api\Library.Auth.Api.csproj", "{7818BF2C-4BB9-4088-81DA-5092E1E0FE9E}"
EndProject
Project("{FAE04EC0-301F-11D3-BF4B-00C04F79EFBC}") = "Common", "Common\Common.csproj", "{378C0473-3B1E-4B68-BCAF-680EDC83D533}"
EndProject
Global
	GlobalSection(SolutionConfigurationPlatforms) = preSolution
		Debug|Any CPU = Debug|Any CPU
		Release|Any CPU = Release|Any CPU
	EndGlobalSection
	GlobalSection(ProjectConfigurationPlatforms) = postSolution
		{7AF68868-BA17-4811-BADA-046D62A81143}.Debug|Any CPU.ActiveCfg = Debug|Any CPU
		{7AF68868-BA17-4811-BADA-046D62A81143}.Debug|Any CPU.Build.0 = Debug|Any CPU
		{7AF68868-BA17-4811-BADA-046D62A81143}.Release|Any CPU.ActiveCfg = Release|Any CPU
		{7AF68868-BA17-4811-BADA-046D62A81143}.Release|Any CPU.Build.0 = Release|Any CPU
		{7818BF2C-4BB9-4088-81DA-5092E1E0FE9E}.Debug|Any CPU.ActiveCfg = Debug|Any CPU
		{7818BF2C-4BB9-4088-81DA-5092E1E0FE9E}.Debug|Any CPU.Build.0 = Debug|Any CPU
		{7818BF2C-4BB9-4088-81DA-5092E1E0FE9E}.Release|Any CPU.ActiveCfg = Release|Any CPU
		{7818BF2C-4BB9-4088-81DA-5092E1E0FE9E}.Release|Any CPU.Build.0 = Release|Any CPU
		{378C0473-3B1E-4B68-BCAF-680EDC83D533}.Debug|Any CPU.ActiveCfg = Debug|Any CPU
		{378C0473-3B1E-4B68-BCAF-680EDC83D533}.Debug|Any CPU.Build.0 = Debug|Any CPU
		{378C0473-3B1E-4B68-BCAF-680EDC83D533}.Release|Any CPU.ActiveCfg = Release|Any CPU
		{378C0473-3B1E-4B68-BCAF-680EDC83D533}.Release|Any CPU.Build.0 = Release|Any CPU
	EndGlobalSection
	GlobalSection(SolutionProperties) = preSolution
		HideSolutionNode = FALSE
	EndGlobalSection
	GlobalSection(ExtensibilityGlobals) = postSolution
		SolutionGuid = {4E9D4F08-0AC5-4E63-BA2C-46C867E29D33}
	EndGlobalSection
EndGlobal
